
Microsoft Visual Studio Solution File, Format Version 12.00
# Visual Studio Version 17
VisualStudioVersion = 17.11.35327.3
MinimumVisualStudioVersion = 10.0.40219.1
Project("{FAE04EC0-301F-11D3-BF4B-00C04F79EFBC}") = "AftoSpravochnic", "AftoSpravochnic\AftoSpravochnic.csproj", "{7CB27599-FBC9-4C2B-9BC9-C273D43A7004}"
EndProject
Global
	GlobalSection(SolutionConfigurationPlatforms) = preSolution
		Debug|Any CPU = Debug|Any CPU
		Release|Any CPU = Release|Any CPU
	EndGlobalSection
	GlobalSection(ProjectConfigurationPlatforms) = postSolution
		{7CB27599-FBC9-4C2B-9BC9-C273D43A7004}.Debug|Any CPU.ActiveCfg = Debug|Any CPU
		{7CB27599-FBC9-4C2B-9BC9-C273D43A7004}.Debug|Any CPU.Build.0 = Debug|Any CPU
		{7CB27599-FBC9-4C2B-9BC9-C273D43A7004}.Release|Any CPU.ActiveCfg = Release|Any CPU
		{7CB27599-FBC9-4C2B-9BC9-C273D43A7004}.Release|Any CPU.Build.0 = Release|Any CPU
	EndGlobalSection
	GlobalSection(SolutionProperties) = preSolution
		HideSolutionNode = FALSE
	EndGlobalSection
	GlobalSection(ExtensibilityGlobals) = postSolution
		SolutionGuid = {7613851E-A792-40A4-852F-8846B64A3010}
	EndGlobalSection
EndGlobal
